{
  "name": "filtering",
  "version": "v2.7.0",
  "lockfileVersion": 1,
  "requires": true,
  "dependencies": {
    "lodash": {
      "version": "4.17.15",
      "resolved": "https://packages.idmod.org:443/api/npm/npm-production/lodash/-/lodash-4.17.15.tgz",
      "integrity": "sha1-tEf2ZwoEVbv+7dETku/zMOoJdUg="
    },
    "microdata-template": {
      "version": "2.2.2",
      "resolved": "https://packages.idmod.org:443/api/npm/npm-production/microdata-template/-/microdata-template-2.2.2.tgz",
      "integrity": "sha1-jJl5w29bO5EqRaM7U7xKGmTqZNo="
    }
  }
}
